
Microsoft Visual Studio Solution File, Format Version 12.00
# Visual Studio Version 17
VisualStudioVersion = 17.10.35004.147
MinimumVisualStudioVersion = 10.0.40219.1
Project("{8BC9CEB8-8B4A-11D0-8D11-00A0C91BC942}") = "Homework01_Double_Queue", "Homework01_Double_Queue.vcxproj", "{1A489410-755B-4F41-ACB8-CC574D34F6FD}"
EndProject
Global
	GlobalSection(SolutionConfigurationPlatforms) = preSolution
		Debug|x64 = Debug|x64
		Debug|x86 = Debug|x86
		Release|x64 = Release|x64
		Release|x86 = Release|x86
	EndGlobalSection
	GlobalSection(ProjectConfigurationPlatforms) = postSolution
		{1A489410-755B-4F41-ACB8-CC574D34F6FD}.Debug|x64.ActiveCfg = Debug|x64
		{1A489410-755B-4F41-ACB8-CC574D34F6FD}.Debug|x64.Build.0 = Debug|x64
		{1A489410-755B-4F41-ACB8-CC574D34F6FD}.Debug|x86.ActiveCfg = Debug|Win32
		{1A489410-755B-4F41-ACB8-CC574D34F6FD}.Debug|x86.Build.0 = Debug|Win32
		{1A489410-755B-4F41-ACB8-CC574D34F6FD}.Release|x64.ActiveCfg = Release|x64
		{1A489410-755B-4F41-ACB8-CC574D34F6FD}.Release|x64.Build.0 = Release|x64
		{1A489410-755B-4F41-ACB8-CC574D34F6FD}.Release|x86.ActiveCfg = Release|Win32
		{1A489410-755B-4F41-ACB8-CC574D34F6FD}.Release|x86.Build.0 = Release|Win32
	EndGlobalSection
	GlobalSection(SolutionProperties) = preSolution
		HideSolutionNode = FALSE
	EndGlobalSection
	GlobalSection(ExtensibilityGlobals) = postSolution
		SolutionGuid = {7220E212-66A1-4505-89EA-3AD8DD149674}
	EndGlobalSection
EndGlobal
